{
	"name": "automagik-omni",
	"version": "0.5.2",
	"lockfileVersion": 3,
	"requires": true,
	"packages": {
		"": {
			"name": "automagik-omni",
			"version": "0.5.2",
			"dependencies": {
				"@electric-sql/pglite": "^0.3.14",
				"forge-inspector": "^0.0.6",
				"pglite-prisma-adapter": "^0.6.1",
				"playwright": "^1.56.1"
			},
			"devDependencies": {
				"@playwright/test": "^1.56.1"
			}
		},
		"node_modules/@electric-sql/pglite": {
			"version": "0.3.14",
			"resolved": "https://registry.npmjs.org/@electric-sql/pglite/-/pglite-0.3.14.tgz",
			"integrity": "sha512-3DB258dhqdsArOI1fIt7cb9RpUOgcDg5hXWVgVHAeqVQ/qxtFy605QKs4gx6mFq3jWsSPqDN8TgSEsqC3OfV9Q==",
			"license": "Apache-2.0"
		},
		"node_modules/@floating-ui/core": {
			"version": "1.7.3",
			"resolved": "https://registry.npmjs.org/@floating-ui/core/-/core-1.7.3.tgz",
			"integrity": "sha512-sGnvb5dmrJaKEZ+LDIpguvdX3bDlEllmv4/ClQ9awcmCZrlx5jQyyMWFM5kBI+EyNOCDDiKk8il0zeuX3Zlg/w==",
			"license": "MIT",
			"dependencies": {
				"@floating-ui/utils": "^0.2.10"
			}
		},
		"node_modules/@floating-ui/dom": {
			"version": "1.7.4",
			"resolved": "https://registry.npmjs.org/@floating-ui/dom/-/dom-1.7.4.tgz",
			"integrity": "sha512-OOchDgh4F2CchOX94cRVqhvy7b3AFb+/rQXyswmzmGakRfkMgoWVjfnLWkRirfLEfuD4ysVW16eXzwt3jHIzKA==",
			"license": "MIT",
			"dependencies": {
				"@floating-ui/core": "^1.7.3",
				"@floating-ui/utils": "^0.2.10"
			}
		},
		"node_modules/@floating-ui/react": {
			"version": "0.26.28",
			"resolved": "https://registry.npmjs.org/@floating-ui/react/-/react-0.26.28.tgz",
			"integrity": "sha512-yORQuuAtVpiRjpMhdc0wJj06b9JFjrYF4qp96j++v2NBpbi6SEGF7donUJ3TMieerQ6qVkAv1tgr7L4r5roTqw==",
			"license": "MIT",
			"dependencies": {
				"@floating-ui/react-dom": "^2.1.2",
				"@floating-ui/utils": "^0.2.8",
				"tabbable": "^6.0.0"
			},
			"peerDependencies": {
				"react": ">=16.8.0",
				"react-dom": ">=16.8.0"
			}
		},
		"node_modules/@floating-ui/react-dom": {
			"version": "2.1.6",
			"resolved": "https://registry.npmjs.org/@floating-ui/react-dom/-/react-dom-2.1.6.tgz",
			"integrity": "sha512-4JX6rEatQEvlmgU80wZyq9RT96HZJa88q8hp0pBd+LrczeDI4o6uA2M+uvxngVHo4Ihr8uibXxH6+70zhAFrVw==",
			"license": "MIT",
			"dependencies": {
				"@floating-ui/dom": "^1.7.4"
			},
			"peerDependencies": {
				"react": ">=16.8.0",
				"react-dom": ">=16.8.0"
			}
		},
		"node_modules/@floating-ui/utils": {
			"version": "0.2.10",
			"resolved": "https://registry.npmjs.org/@floating-ui/utils/-/utils-0.2.10.tgz",
			"integrity": "sha512-aGTxbpbg8/b5JfU1HXSrbH3wXZuLPJcNEcZQFMxLs3oSzgtVu6nFPkbbGGUvBcUjKV2YyB9Wxxabo+HEH9tcRQ==",
			"license": "MIT"
		},
		"node_modules/@playwright/test": {
			"version": "1.56.1",
			"resolved": "https://registry.npmjs.org/@playwright/test/-/test-1.56.1.tgz",
			"integrity": "sha512-vSMYtL/zOcFpvJCW71Q/OEGQb7KYBPAdKh35WNSkaZA75JlAO8ED8UN6GUNTm3drWomcbcqRPFqQbLae8yBTdg==",
			"dev": true,
			"license": "Apache-2.0",
			"dependencies": {
				"playwright": "1.56.1"
			},
			"bin": {
				"playwright": "cli.js"
			},
			"engines": {
				"node": ">=18"
			}
		},
		"node_modules/@prisma/client": {
			"version": "7.0.0",
			"resolved": "https://registry.npmjs.org/@prisma/client/-/client-7.0.0.tgz",
			"integrity": "sha512-FM1NtJezl0zH3CybLxcbJwShJt7xFGSRg+1tGhy3sCB8goUDnxnBR+RC/P35EAW8gjkzx7kgz7bvb0MerY2VSw==",
			"license": "Apache-2.0",
			"peer": true,
			"dependencies": {
				"@prisma/client-runtime-utils": "7.0.0"
			},
			"engines": {
				"node": "^20.19 || ^22.12 || ^24.0"
			},
			"peerDependencies": {
				"prisma": "*",
				"typescript": ">=5.4.0"
			},
			"peerDependenciesMeta": {
				"prisma": {
					"optional": true
				},
				"typescript": {
					"optional": true
				}
			}
		},
		"node_modules/@prisma/client-runtime-utils": {
			"version": "7.0.0",
			"resolved": "https://registry.npmjs.org/@prisma/client-runtime-utils/-/client-runtime-utils-7.0.0.tgz",
			"integrity": "sha512-PAiFgMBPrLSaakBwUpML5NevipuKSL3rtNr8pZ8CZ3OBXo0BFcdeGcBIKw/CxJP6H4GNa4+l5bzJPrk8Iq6tDw==",
			"license": "Apache-2.0",
			"peer": true
		},
		"node_modules/@prisma/debug": {
			"version": "6.10.1",
			"resolved": "https://registry.npmjs.org/@prisma/debug/-/debug-6.10.1.tgz",
			"integrity": "sha512-k2YT53cWxv9OLjW4zSYTZ6Z7j0gPfCzcr2Mj99qsuvlxr8WAKSZ2NcSR0zLf/mP4oxnYG842IMj3utTgcd7CaA==",
			"license": "Apache-2.0"
		},
		"node_modules/@prisma/driver-adapter-utils": {
			"version": "6.10.1",
			"resolved": "https://registry.npmjs.org/@prisma/driver-adapter-utils/-/driver-adapter-utils-6.10.1.tgz",
			"integrity": "sha512-MJ7NiiMA5YQUD1aMHiOcLmRpW0U0NTpygyeuLMxHXnKbcq+HX/cy10qilFMLVzpveuIEHuwxziR67z6i0K1MKA==",
			"license": "Apache-2.0",
			"dependencies": {
				"@prisma/debug": "6.10.1"
			}
		},
		"node_modules/forge-inspector": {
			"version": "0.0.6",
			"resolved": "https://registry.npmjs.org/forge-inspector/-/forge-inspector-0.0.6.tgz",
			"integrity": "sha512-arejcB4PebIfpumR6bYa06tOfvutvmtZScpyR9XZNvIhaMGFjLtknvIHbAKvVi4s8w9Noj9kx+KRoTfUteQFrQ==",
			"license": "ISC",
			"dependencies": {
				"@floating-ui/react": "^0.26.0",
				"htm": "^3.1.0",
				"react-merge-refs": "^1.1.0"
			},
			"peerDependencies": {
				"react": ">=16.8.0"
			}
		},
		"node_modules/fsevents": {
			"version": "2.3.2",
			"resolved": "https://registry.npmjs.org/fsevents/-/fsevents-2.3.2.tgz",
			"integrity": "sha512-xiqMQR4xAeHTuB9uWm+fFRcIOgKBMiOBP+eXiyT7jsgVCq1bkVygt00oASowB7EdtpOHaaPgKt812P9ab+DDKA==",
			"hasInstallScript": true,
			"license": "MIT",
			"optional": true,
			"os": [
				"darwin"
			],
			"engines": {
				"node": "^8.16.0 || ^10.6.0 || >=11.0.0"
			}
		},
		"node_modules/htm": {
			"version": "3.1.1",
			"resolved": "https://registry.npmjs.org/htm/-/htm-3.1.1.tgz",
			"integrity": "sha512-983Vyg8NwUE7JkZ6NmOqpCZ+sh1bKv2iYTlUkzlWmA5JD2acKoxd4KVxbMmxX/85mtfdnDmTFoNKcg5DGAvxNQ==",
			"license": "Apache-2.0"
		},
		"node_modules/pglite-prisma-adapter": {
			"version": "0.6.1",
			"resolved": "https://registry.npmjs.org/pglite-prisma-adapter/-/pglite-prisma-adapter-0.6.1.tgz",
			"integrity": "sha512-Qb2rVecLSSngq+xPBLzMcqFkrCgCXNi2cuVAa009kOMiinqUmdGkEw6ZKpL0zeiEc9+YbLOy3PY8uKtMPA4P3Q==",
			"license": "MIT",
			"dependencies": {
				"@prisma/driver-adapter-utils": "6.10.1",
				"postgres-array": "^3.0.4"
			},
			"peerDependencies": {
				"@electric-sql/pglite": ">=0.2.0",
				"@prisma/client": ">= 6.10.0"
			}
		},
		"node_modules/playwright": {
			"version": "1.56.1",
			"resolved": "https://registry.npmjs.org/playwright/-/playwright-1.56.1.tgz",
			"integrity": "sha512-aFi5B0WovBHTEvpM3DzXTUaeN6eN0qWnTkKx4NQaH4Wvcmc153PdaY2UBdSYKaGYw+UyWXSVyxDUg5DoPEttjw==",
			"license": "Apache-2.0",
			"dependencies": {
				"playwright-core": "1.56.1"
			},
			"bin": {
				"playwright": "cli.js"
			},
			"engines": {
				"node": ">=18"
			},
			"optionalDependencies": {
				"fsevents": "2.3.2"
			}
		},
		"node_modules/playwright-core": {
			"version": "1.56.1",
			"resolved": "https://registry.npmjs.org/playwright-core/-/playwright-core-1.56.1.tgz",
			"integrity": "sha512-hutraynyn31F+Bifme+Ps9Vq59hKuUCz7H1kDOcBs+2oGguKkWTU50bBWrtz34OUWmIwpBTWDxaRPXrIXkgvmQ==",
			"license": "Apache-2.0",
			"bin": {
				"playwright-core": "cli.js"
			},
			"engines": {
				"node": ">=18"
			}
		},
		"node_modules/postgres-array": {
			"version": "3.0.4",
			"resolved": "https://registry.npmjs.org/postgres-array/-/postgres-array-3.0.4.tgz",
			"integrity": "sha512-nAUSGfSDGOaOAEGwqsRY27GPOea7CNipJPOA7lPbdEpx5Kg3qzdP0AaWC5MlhTWV9s4hFX39nomVZ+C4tnGOJQ==",
			"license": "MIT",
			"engines": {
				"node": ">=12"
			}
		},
		"node_modules/react": {
			"version": "19.2.0",
			"resolved": "https://registry.npmjs.org/react/-/react-19.2.0.tgz",
			"integrity": "sha512-tmbWg6W31tQLeB5cdIBOicJDJRR2KzXsV7uSK9iNfLWQ5bIZfxuPEHp7M8wiHyHnn0DD1i7w3Zmin0FtkrwoCQ==",
			"license": "MIT",
			"peer": true,
			"engines": {
				"node": ">=0.10.0"
			}
		},
		"node_modules/react-dom": {
			"version": "19.2.0",
			"resolved": "https://registry.npmjs.org/react-dom/-/react-dom-19.2.0.tgz",
			"integrity": "sha512-UlbRu4cAiGaIewkPyiRGJk0imDN2T3JjieT6spoL2UeSf5od4n5LB/mQ4ejmxhCFT1tYe8IvaFulzynWovsEFQ==",
			"license": "MIT",
			"peer": true,
			"dependencies": {
				"scheduler": "^0.27.0"
			},
			"peerDependencies": {
				"react": "^19.2.0"
			}
		},
		"node_modules/react-merge-refs": {
			"version": "1.1.0",
			"resolved": "https://registry.npmjs.org/react-merge-refs/-/react-merge-refs-1.1.0.tgz",
			"integrity": "sha512-alTKsjEL0dKH/ru1Iyn7vliS2QRcBp9zZPGoWxUOvRGWPUYgjo+V01is7p04It6KhgrzhJGnIj9GgX8W4bZoCQ==",
			"license": "MIT",
			"funding": {
				"type": "github",
				"url": "https://github.com/sponsors/gregberge"
			}
		},
		"node_modules/scheduler": {
			"version": "0.27.0",
			"resolved": "https://registry.npmjs.org/scheduler/-/scheduler-0.27.0.tgz",
			"integrity": "sha512-eNv+WrVbKu1f3vbYJT/xtiF5syA5HPIMtf9IgY/nKg0sWqzAUEvqY/xm7OcZc/qafLx/iO9FgOmeSAp4v5ti/Q==",
			"license": "MIT",
			"peer": true
		},
		"node_modules/tabbable": {
			"version": "6.3.0",
			"resolved": "https://registry.npmjs.org/tabbable/-/tabbable-6.3.0.tgz",
			"integrity": "sha512-EIHvdY5bPLuWForiR/AN2Bxngzpuwn1is4asboytXtpTgsArc+WmSJKVLlhdh71u7jFcryDqB2A8lQvj78MkyQ==",
			"license": "MIT"
		}
	}
}
